
Microsoft Visual Studio Solution File, Format Version 12.00
# Visual Studio Version 17
VisualStudioVersion = 17.4.33122.133
MinimumVisualStudioVersion = 10.0.40219.1
Project("{FAE04EC0-301F-11D3-BF4B-00C04F79EFBC}") = "E-Apartments", "E-Apartments.csproj", "{ABAD9850-F7A7-469F-9929-1725A2BA062A}"
EndProject
Global
	GlobalSection(SolutionConfigurationPlatforms) = preSolution
		Debug|Any CPU = Debug|Any CPU
		Release|Any CPU = Release|Any CPU
	EndGlobalSection
	GlobalSection(ProjectConfigurationPlatforms) = postSolution
		{ABAD9850-F7A7-469F-9929-1725A2BA062A}.Debug|Any CPU.ActiveCfg = Debug|Any CPU
		{ABAD9850-F7A7-469F-9929-1725A2BA062A}.Debug|Any CPU.Build.0 = Debug|Any CPU
		{ABAD9850-F7A7-469F-9929-1725A2BA062A}.Release|Any CPU.ActiveCfg = Release|Any CPU
		{ABAD9850-F7A7-469F-9929-1725A2BA062A}.Release|Any CPU.Build.0 = Release|Any CPU
	EndGlobalSection
	GlobalSection(SolutionProperties) = preSolution
		HideSolutionNode = FALSE
	EndGlobalSection
	GlobalSection(ExtensibilityGlobals) = postSolution
		SolutionGuid = {102AD303-9200-4DF1-A506-4BD2D8A738CE}
	EndGlobalSection
EndGlobal
